
Microsoft Visual Studio Solution File, Format Version 12.00
# Visual Studio Version 17
VisualStudioVersion = 17.11.35327.3
MinimumVisualStudioVersion = 10.0.40219.1
Project("{FAE04EC0-301F-11D3-BF4B-00C04F79EFBC}") = "jump-history", "jump-history.csproj", "{AF65C27A-FED4-48D9-8558-045B39061686}"
EndProject
Global
	GlobalSection(SolutionConfigurationPlatforms) = preSolution
		Debug|Any CPU = Debug|Any CPU
		Debug|arm64 = Debug|arm64
		Debug|x86 = Debug|x86
		Debug22|Any CPU = Debug22|Any CPU
		Debug22|arm64 = Debug22|arm64
		Debug22|x86 = Debug22|x86
		Release|Any CPU = Release|Any CPU
		Release|arm64 = Release|arm64
		Release|x86 = Release|x86
		Release22|Any CPU = Release22|Any CPU
		Release22|arm64 = Release22|arm64
		Release22|x86 = Release22|x86
	EndGlobalSection
	GlobalSection(ProjectConfigurationPlatforms) = postSolution
		{AF65C27A-FED4-48D9-8558-045B39061686}.Debug|Any CPU.ActiveCfg = Debug|Any CPU
		{AF65C27A-FED4-48D9-8558-045B39061686}.Debug|Any CPU.Build.0 = Debug|Any CPU
		{AF65C27A-FED4-48D9-8558-045B39061686}.Debug|arm64.ActiveCfg = Debug|arm64
		{AF65C27A-FED4-48D9-8558-045B39061686}.Debug|arm64.Build.0 = Debug|arm64
		{AF65C27A-FED4-48D9-8558-045B39061686}.Debug|x86.ActiveCfg = Debug|x86
		{AF65C27A-FED4-48D9-8558-045B39061686}.Debug|x86.Build.0 = Debug|x86
		{AF65C27A-FED4-48D9-8558-045B39061686}.Debug22|Any CPU.ActiveCfg = Debug22|Any CPU
		{AF65C27A-FED4-48D9-8558-045B39061686}.Debug22|Any CPU.Build.0 = Debug22|Any CPU
		{AF65C27A-FED4-48D9-8558-045B39061686}.Debug22|arm64.ActiveCfg = Debug22|arm64
		{AF65C27A-FED4-48D9-8558-045B39061686}.Debug22|arm64.Build.0 = Debug22|arm64
		{AF65C27A-FED4-48D9-8558-045B39061686}.Debug22|x86.ActiveCfg = Debug22|x86
		{AF65C27A-FED4-48D9-8558-045B39061686}.Debug22|x86.Build.0 = Debug22|x86
		{AF65C27A-FED4-48D9-8558-045B39061686}.Release|Any CPU.ActiveCfg = Release|Any CPU
		{AF65C27A-FED4-48D9-8558-045B39061686}.Release|Any CPU.Build.0 = Release|Any CPU
		{AF65C27A-FED4-48D9-8558-045B39061686}.Release|arm64.ActiveCfg = Release|arm64
		{AF65C27A-FED4-48D9-8558-045B39061686}.Release|arm64.Build.0 = Release|arm64
		{AF65C27A-FED4-48D9-8558-045B39061686}.Release|x86.ActiveCfg = Release|x86
		{AF65C27A-FED4-48D9-8558-045B39061686}.Release|x86.Build.0 = Release|x86
		{AF65C27A-FED4-48D9-8558-045B39061686}.Release22|Any CPU.ActiveCfg = Release22|Any CPU
		{AF65C27A-FED4-48D9-8558-045B39061686}.Release22|Any CPU.Build.0 = Release22|Any CPU
		{AF65C27A-FED4-48D9-8558-045B39061686}.Release22|arm64.ActiveCfg = Release22|arm64
		{AF65C27A-FED4-48D9-8558-045B39061686}.Release22|arm64.Build.0 = Release22|arm64
		{AF65C27A-FED4-48D9-8558-045B39061686}.Release22|x86.ActiveCfg = Release22|x86
		{AF65C27A-FED4-48D9-8558-045B39061686}.Release22|x86.Build.0 = Release22|x86
	EndGlobalSection
	GlobalSection(SolutionProperties) = preSolution
		HideSolutionNode = FALSE
	EndGlobalSection
	GlobalSection(ExtensibilityGlobals) = postSolution
		SolutionGuid = {33B40D7F-D625-486C-9101-07A71ED329FC}
	EndGlobalSection
EndGlobal
